
Microsoft Visual Studio Solution File, Format Version 12.00
# Visual Studio 2013
VisualStudioVersion = 12.0.30501.0
MinimumVisualStudioVersion = 10.0.40219.1
Project("{8BC9CEB8-8B4A-11D0-8D11-00A0C91BC942}") = "CrypteurClient", "CrypteurClient\CrypteurClient.vcxproj", "{CE18C068-EB77-408B-9187-66682C36FA91}"
EndProject
Project("{8BC9CEB8-8B4A-11D0-8D11-00A0C91BC942}") = "zeCrypter", "zeCrypter\zeCrypter.vcxproj", "{0A7D8EC0-CBB7-4694-8E93-8ED524E32E19}"
EndProject
Global
	GlobalSection(SolutionConfigurationPlatforms) = preSolution
		Debug|Win32 = Debug|Win32
		Release|Win32 = Release|Win32
	EndGlobalSection
	GlobalSection(ProjectConfigurationPlatforms) = postSolution
		{CE18C068-EB77-408B-9187-66682C36FA91}.Debug|Win32.ActiveCfg = Debug|Win32
		{CE18C068-EB77-408B-9187-66682C36FA91}.Debug|Win32.Build.0 = Debug|Win32
		{CE18C068-EB77-408B-9187-66682C36FA91}.Release|Win32.ActiveCfg = Release|Win32
		{CE18C068-EB77-408B-9187-66682C36FA91}.Release|Win32.Build.0 = Release|Win32
		{0A7D8EC0-CBB7-4694-8E93-8ED524E32E19}.Debug|Win32.ActiveCfg = Debug|Win32
		{0A7D8EC0-CBB7-4694-8E93-8ED524E32E19}.Debug|Win32.Build.0 = Debug|Win32
		{0A7D8EC0-CBB7-4694-8E93-8ED524E32E19}.Release|Win32.ActiveCfg = Release|Win32
		{0A7D8EC0-CBB7-4694-8E93-8ED524E32E19}.Release|Win32.Build.0 = Release|Win32
	EndGlobalSection
	GlobalSection(SolutionProperties) = preSolution
		HideSolutionNode = FALSE
	EndGlobalSection
EndGlobal
